
Microsoft Visual Studio Solution File, Format Version 12.00
# Visual Studio 15
VisualStudioVersion = 15.0.26403.3
MinimumVisualStudioVersion = 10.0.40219.1
Project("{FAE04EC0-301F-11D3-BF4B-00C04F79EFBC}") = "WebAPIDemo", "WebAPIDemo\WebAPIDemo.csproj", "{F40F5469-D9E4-465C-A821-9CDFB2B5E35C}"
EndProject
Project("{FAE04EC0-301F-11D3-BF4B-00C04F79EFBC}") = "WebAPIDemo.Tests", "WebAPIDemo.Tests\WebAPIDemo.Tests.csproj", "{D795C3D1-48EF-43D3-86C8-B77D51353452}"
EndProject
Global
	GlobalSection(SolutionConfigurationPlatforms) = preSolution
		Debug|Any CPU = Debug|Any CPU
		Release|Any CPU = Release|Any CPU
	EndGlobalSection
	GlobalSection(ProjectConfigurationPlatforms) = postSolution
		{F40F5469-D9E4-465C-A821-9CDFB2B5E35C}.Debug|Any CPU.ActiveCfg = Debug|Any CPU
		{F40F5469-D9E4-465C-A821-9CDFB2B5E35C}.Debug|Any CPU.Build.0 = Debug|Any CPU
		{F40F5469-D9E4-465C-A821-9CDFB2B5E35C}.Release|Any CPU.ActiveCfg = Release|Any CPU
		{F40F5469-D9E4-465C-A821-9CDFB2B5E35C}.Release|Any CPU.Build.0 = Release|Any CPU
		{D795C3D1-48EF-43D3-86C8-B77D51353452}.Debug|Any CPU.ActiveCfg = Debug|Any CPU
		{D795C3D1-48EF-43D3-86C8-B77D51353452}.Debug|Any CPU.Build.0 = Debug|Any CPU
		{D795C3D1-48EF-43D3-86C8-B77D51353452}.Release|Any CPU.ActiveCfg = Release|Any CPU
		{D795C3D1-48EF-43D3-86C8-B77D51353452}.Release|Any CPU.Build.0 = Release|Any CPU
	EndGlobalSection
	GlobalSection(SolutionProperties) = preSolution
		HideSolutionNode = FALSE
	EndGlobalSection
EndGlobal
